<?xml version="1.0" encoding="utf-8"?>
<Project ToolsVersion="4.0" xmlns="http://schemas.microsoft.com/developer/msbuild/2003">
  <ItemGroup>
    <ClCompile Include="IOFile.cpp" />
    <ClCompile Include="MPIDataTypes.cpp" />
    <ClCompile Include="Functions.cpp" />
    <ClCompile Include="Main.cpp" />
  </ItemGroup>
  <ItemGroup>
    <Filter Include="Cuda">
      <UniqueIdentifier>{3d7dbe1b-3b86-4979-b7b8-a31ae63059ca}</UniqueIdentifier>
    </Filter>
    <Filter Include="Headers">
      <UniqueIdentifier>{03d3fd21-a36d-46b4-b78b-ca2aaf05a438}</UniqueIdentifier>
    </Filter>
  </ItemGroup>
  <ItemGroup>
    <CudaCompile Include="kernel.cu">
      <Filter>Cuda</Filter>
    </CudaCompile>
  </ItemGroup>
  <ItemGroup>
    <ClInclude Include="StructsHeader.h">
      <Filter>Headers</Filter>
    </ClInclude>
    <ClInclude Include="Headers.h">
      <Filter>Headers</Filter>
    </ClInclude>
  </ItemGroup>
</Project>